
Microsoft Visual Studio Solution File, Format Version 12.00
# Visual Studio Version 17
VisualStudioVersion = 17.11.35327.3
MinimumVisualStudioVersion = 10.0.40219.1
Project("{FAE04EC0-301F-11D3-BF4B-00C04F79EFBC}") = "Ex.1", "Ex.1\Ex.1.csproj", "{B7BA4455-71F9-4F05-BE2E-05C0DB94A23F}"
EndProject
Global
	GlobalSection(SolutionConfigurationPlatforms) = preSolution
		Debug|Any CPU = Debug|Any CPU
		Release|Any CPU = Release|Any CPU
	EndGlobalSection
	GlobalSection(ProjectConfigurationPlatforms) = postSolution
		{B7BA4455-71F9-4F05-BE2E-05C0DB94A23F}.Debug|Any CPU.ActiveCfg = Debug|Any CPU
		{B7BA4455-71F9-4F05-BE2E-05C0DB94A23F}.Debug|Any CPU.Build.0 = Debug|Any CPU
		{B7BA4455-71F9-4F05-BE2E-05C0DB94A23F}.Release|Any CPU.ActiveCfg = Release|Any CPU
		{B7BA4455-71F9-4F05-BE2E-05C0DB94A23F}.Release|Any CPU.Build.0 = Release|Any CPU
	EndGlobalSection
	GlobalSection(SolutionProperties) = preSolution
		HideSolutionNode = FALSE
	EndGlobalSection
	GlobalSection(ExtensibilityGlobals) = postSolution
		SolutionGuid = {BD750E27-03EB-468B-B593-34792645C30E}
	EndGlobalSection
EndGlobal
